name: update-flake-lock

on:
  schedule:
    - cron: "0 6 * * 1" # mondays 06:00 UTC
  workflow_dispatch:

permissions:
  contents: write

jobs:
  update:
    runs-on: ubuntu-latest
    steps:
      - uses: actions/checkout@v4
      - uses: cachix/install-nix-action@v31
      - run: nix flake update
      - run: nix flake check
      - name: Commit
        run: |
          git diff --quiet flake.lock && exit 0
          git config user.name "github-actions[bot]"
          git config user.email "41898282+github-actions[bot]@users.noreply.github.com"
          git commit -m "flake.lock: update inputs" flake.lock
          git push
